
Microsoft Visual Studio Solution File, Format Version 12.00
# Visual Studio Version 16
VisualStudioVersion = 16.0.31410.357
MinimumVisualStudioVersion = 10.0.40219.1
Project("{FAE04EC0-301F-11D3-BF4B-00C04F79EFBC}") = "OntarioOneCallChallange", "OntarioOneCallChallange\OntarioOneCallChallange.csproj", "{0C740D20-FD21-4A72-A0DF-DE35FCEC44C3}"
EndProject
Global
	GlobalSection(SolutionConfigurationPlatforms) = preSolution
		Debug|Any CPU = Debug|Any CPU
		Release|Any CPU = Release|Any CPU
	EndGlobalSection
	GlobalSection(ProjectConfigurationPlatforms) = postSolution
		{0C740D20-FD21-4A72-A0DF-DE35FCEC44C3}.Debug|Any CPU.ActiveCfg = Debug|Any CPU
		{0C740D20-FD21-4A72-A0DF-DE35FCEC44C3}.Debug|Any CPU.Build.0 = Debug|Any CPU
		{0C740D20-FD21-4A72-A0DF-DE35FCEC44C3}.Release|Any CPU.ActiveCfg = Release|Any CPU
		{0C740D20-FD21-4A72-A0DF-DE35FCEC44C3}.Release|Any CPU.Build.0 = Release|Any CPU
	EndGlobalSection
	GlobalSection(SolutionProperties) = preSolution
		HideSolutionNode = FALSE
	EndGlobalSection
	GlobalSection(ExtensibilityGlobals) = postSolution
		SolutionGuid = {DE19E310-686D-495E-BADC-53E1F881EF88}
	EndGlobalSection
EndGlobal
